{
  "name": "project-creative-design-tips",
  "lockfileVersion": 2,
  "requires": true,
  "packages": {
    "": {
      "dependencies": {
        "vue-plugin-load-script": "^2.1.1"
      }
    },
    "node_modules/vue-plugin-load-script": {
      "version": "2.1.1",
      "resolved": "https://registry.npmjs.org/vue-plugin-load-script/-/vue-plugin-load-script-2.1.1.tgz",
      "integrity": "sha512-IViO0hNj4O39M8I1taX74B5PR5RI7IrlEt+dvAjOk3NRLwQ7ZrdexUo9+K++KBzGPJtaVL1+emTyMWeOtjZojw=="
    }
  },
  "dependencies": {
    "vue-plugin-load-script": {
      "version": "2.1.1",
      "resolved": "https://registry.npmjs.org/vue-plugin-load-script/-/vue-plugin-load-script-2.1.1.tgz",
      "integrity": "sha512-IViO0hNj4O39M8I1taX74B5PR5RI7IrlEt+dvAjOk3NRLwQ7ZrdexUo9+K++KBzGPJtaVL1+emTyMWeOtjZojw=="
    }
  }
}
